
Microsoft Visual Studio Solution File, Format Version 12.00
# Visual Studio Version 17
VisualStudioVersion = 17.0.31912.275
MinimumVisualStudioVersion = 10.0.40219.1
Project("{8BC9CEB8-8B4A-11D0-8D11-00A0C91BC942}") = "Proxy", "Proxy\Proxy.vcxproj", "{46BE77B9-7AF1-4434-B6AF-1D35452C5F0B}"
EndProject
Project("{8BC9CEB8-8B4A-11D0-8D11-00A0C91BC942}") = "Http", "Http\Http.vcxproj", "{7312F715-4A7A-4D36-B15C-AC43BF524AF9}"
EndProject
Project("{8BC9CEB8-8B4A-11D0-8D11-00A0C91BC942}") = "ZConf", "ZConf\ZConf.vcxproj", "{9A4D7D0B-A5FE-4ABB-8C37-FB26EA962AFF}"
EndProject
Project("{8BC9CEB8-8B4A-11D0-8D11-00A0C91BC942}") = "MessagePack", "MessagePack\MessagePack.vcxproj", "{D06CE7AD-DC81-4DBE-9873-BA7716945907}"
EndProject
Project("{8BC9CEB8-8B4A-11D0-8D11-00A0C91BC942}") = "JsonCpp", "JsonCpp\JsonCpp.vcxproj", "{83AFF1F4-FDA3-4C89-8D90-64CB2C2621F1}"
EndProject
Project("{8BC9CEB8-8B4A-11D0-8D11-00A0C91BC942}") = "Boost", "Boost\Boost.vcxproj", "{BCC13AC3-317A-4A60-B95F-EFA5FD7E44D7}"
EndProject
Project("{8BC9CEB8-8B4A-11D0-8D11-00A0C91BC942}") = "CppTest", "CppTest\CppTest.vcxproj", "{7DD1D3D3-64A2-4ED1-8E53-F9A8D509807D}"
EndProject
Project("{8BC9CEB8-8B4A-11D0-8D11-00A0C91BC942}") = "PahoMqtt", "PahoMqtt\PahoMqtt.vcxproj", "{0D539435-A672-4871-A3C5-670968A2C3E9}"
EndProject
Global
	GlobalSection(SolutionConfigurationPlatforms) = preSolution
		Debug|ARM = Debug|ARM
		Debug|ARM64 = Debug|ARM64
		Debug|x64 = Debug|x64
		Debug|x86 = Debug|x86
		Release|ARM = Release|ARM
		Release|ARM64 = Release|ARM64
		Release|x64 = Release|x64
		Release|x86 = Release|x86
	EndGlobalSection
	GlobalSection(ProjectConfigurationPlatforms) = postSolution
		{46BE77B9-7AF1-4434-B6AF-1D35452C5F0B}.Debug|ARM.ActiveCfg = Debug|Win32
		{46BE77B9-7AF1-4434-B6AF-1D35452C5F0B}.Debug|ARM64.ActiveCfg = Debug|Win32
		{46BE77B9-7AF1-4434-B6AF-1D35452C5F0B}.Debug|x64.ActiveCfg = Debug|x64
		{46BE77B9-7AF1-4434-B6AF-1D35452C5F0B}.Debug|x64.Build.0 = Debug|x64
		{46BE77B9-7AF1-4434-B6AF-1D35452C5F0B}.Debug|x86.ActiveCfg = Debug|Win32
		{46BE77B9-7AF1-4434-B6AF-1D35452C5F0B}.Debug|x86.Build.0 = Debug|Win32
		{46BE77B9-7AF1-4434-B6AF-1D35452C5F0B}.Release|ARM.ActiveCfg = Release|Win32
		{46BE77B9-7AF1-4434-B6AF-1D35452C5F0B}.Release|ARM64.ActiveCfg = Release|Win32
		{46BE77B9-7AF1-4434-B6AF-1D35452C5F0B}.Release|x64.ActiveCfg = Release|x64
		{46BE77B9-7AF1-4434-B6AF-1D35452C5F0B}.Release|x64.Build.0 = Release|x64
		{46BE77B9-7AF1-4434-B6AF-1D35452C5F0B}.Release|x86.ActiveCfg = Release|Win32
		{46BE77B9-7AF1-4434-B6AF-1D35452C5F0B}.Release|x86.Build.0 = Release|Win32
		{7312F715-4A7A-4D36-B15C-AC43BF524AF9}.Debug|ARM.ActiveCfg = Debug|Win32
		{7312F715-4A7A-4D36-B15C-AC43BF524AF9}.Debug|ARM64.ActiveCfg = Debug|Win32
		{7312F715-4A7A-4D36-B15C-AC43BF524AF9}.Debug|x64.ActiveCfg = Debug|x64
		{7312F715-4A7A-4D36-B15C-AC43BF524AF9}.Debug|x64.Build.0 = Debug|x64
		{7312F715-4A7A-4D36-B15C-AC43BF524AF9}.Debug|x86.ActiveCfg = Debug|Win32
		{7312F715-4A7A-4D36-B15C-AC43BF524AF9}.Debug|x86.Build.0 = Debug|Win32
		{7312F715-4A7A-4D36-B15C-AC43BF524AF9}.Release|ARM.ActiveCfg = Release|Win32
		{7312F715-4A7A-4D36-B15C-AC43BF524AF9}.Release|ARM64.ActiveCfg = Release|Win32
		{7312F715-4A7A-4D36-B15C-AC43BF524AF9}.Release|x64.ActiveCfg = Release|x64
		{7312F715-4A7A-4D36-B15C-AC43BF524AF9}.Release|x64.Build.0 = Release|x64
		{7312F715-4A7A-4D36-B15C-AC43BF524AF9}.Release|x86.ActiveCfg = Release|Win32
		{7312F715-4A7A-4D36-B15C-AC43BF524AF9}.Release|x86.Build.0 = Release|Win32
		{9A4D7D0B-A5FE-4ABB-8C37-FB26EA962AFF}.Debug|ARM.ActiveCfg = Debug|Win32
		{9A4D7D0B-A5FE-4ABB-8C37-FB26EA962AFF}.Debug|ARM64.ActiveCfg = Debug|Win32
		{9A4D7D0B-A5FE-4ABB-8C37-FB26EA962AFF}.Debug|x64.ActiveCfg = Debug|x64
		{9A4D7D0B-A5FE-4ABB-8C37-FB26EA962AFF}.Debug|x64.Build.0 = Debug|x64
		{9A4D7D0B-A5FE-4ABB-8C37-FB26EA962AFF}.Debug|x86.ActiveCfg = Debug|Win32
		{9A4D7D0B-A5FE-4ABB-8C37-FB26EA962AFF}.Debug|x86.Build.0 = Debug|Win32
		{9A4D7D0B-A5FE-4ABB-8C37-FB26EA962AFF}.Release|ARM.ActiveCfg = Release|Win32
		{9A4D7D0B-A5FE-4ABB-8C37-FB26EA962AFF}.Release|ARM64.ActiveCfg = Release|Win32
		{9A4D7D0B-A5FE-4ABB-8C37-FB26EA962AFF}.Release|x64.ActiveCfg = Release|x64
		{9A4D7D0B-A5FE-4ABB-8C37-FB26EA962AFF}.Release|x64.Build.0 = Release|x64
		{9A4D7D0B-A5FE-4ABB-8C37-FB26EA962AFF}.Release|x86.ActiveCfg = Release|Win32
		{9A4D7D0B-A5FE-4ABB-8C37-FB26EA962AFF}.Release|x86.Build.0 = Release|Win32
		{D06CE7AD-DC81-4DBE-9873-BA7716945907}.Debug|ARM.ActiveCfg = Debug|Win32
		{D06CE7AD-DC81-4DBE-9873-BA7716945907}.Debug|ARM64.ActiveCfg = Debug|Win32
		{D06CE7AD-DC81-4DBE-9873-BA7716945907}.Debug|x64.ActiveCfg = Debug|x64
		{D06CE7AD-DC81-4DBE-9873-BA7716945907}.Debug|x64.Build.0 = Debug|x64
		{D06CE7AD-DC81-4DBE-9873-BA7716945907}.Debug|x86.ActiveCfg = Debug|Win32
		{D06CE7AD-DC81-4DBE-9873-BA7716945907}.Debug|x86.Build.0 = Debug|Win32
		{D06CE7AD-DC81-4DBE-9873-BA7716945907}.Release|ARM.ActiveCfg = Release|Win32
		{D06CE7AD-DC81-4DBE-9873-BA7716945907}.Release|ARM64.ActiveCfg = Release|Win32
		{D06CE7AD-DC81-4DBE-9873-BA7716945907}.Release|x64.ActiveCfg = Release|x64
		{D06CE7AD-DC81-4DBE-9873-BA7716945907}.Release|x64.Build.0 = Release|x64
		{D06CE7AD-DC81-4DBE-9873-BA7716945907}.Release|x86.ActiveCfg = Release|Win32
		{D06CE7AD-DC81-4DBE-9873-BA7716945907}.Release|x86.Build.0 = Release|Win32
		{83AFF1F4-FDA3-4C89-8D90-64CB2C2621F1}.Debug|ARM.ActiveCfg = Debug|Win32
		{83AFF1F4-FDA3-4C89-8D90-64CB2C2621F1}.Debug|ARM64.ActiveCfg = Debug|Win32
		{83AFF1F4-FDA3-4C89-8D90-64CB2C2621F1}.Debug|x64.ActiveCfg = Debug|x64
		{83AFF1F4-FDA3-4C89-8D90-64CB2C2621F1}.Debug|x64.Build.0 = Debug|x64
		{83AFF1F4-FDA3-4C89-8D90-64CB2C2621F1}.Debug|x86.ActiveCfg = Debug|Win32
		{83AFF1F4-FDA3-4C89-8D90-64CB2C2621F1}.Debug|x86.Build.0 = Debug|Win32
		{83AFF1F4-FDA3-4C89-8D90-64CB2C2621F1}.Release|ARM.ActiveCfg = Release|Win32
		{83AFF1F4-FDA3-4C89-8D90-64CB2C2621F1}.Release|ARM64.ActiveCfg = Release|Win32
		{83AFF1F4-FDA3-4C89-8D90-64CB2C2621F1}.Release|x64.ActiveCfg = Release|x64
		{83AFF1F4-FDA3-4C89-8D90-64CB2C2621F1}.Release|x64.Build.0 = Release|x64
		{83AFF1F4-FDA3-4C89-8D90-64CB2C2621F1}.Release|x86.ActiveCfg = Release|Win32
		{83AFF1F4-FDA3-4C89-8D90-64CB2C2621F1}.Release|x86.Build.0 = Release|Win32
		{BCC13AC3-317A-4A60-B95F-EFA5FD7E44D7}.Debug|ARM.ActiveCfg = Debug|Win32
		{BCC13AC3-317A-4A60-B95F-EFA5FD7E44D7}.Debug|ARM64.ActiveCfg = Debug|Win32
		{BCC13AC3-317A-4A60-B95F-EFA5FD7E44D7}.Debug|x64.ActiveCfg = Debug|x64
		{BCC13AC3-317A-4A60-B95F-EFA5FD7E44D7}.Debug|x64.Build.0 = Debug|x64
		{BCC13AC3-317A-4A60-B95F-EFA5FD7E44D7}.Debug|x86.ActiveCfg = Debug|Win32
		{BCC13AC3-317A-4A60-B95F-EFA5FD7E44D7}.Debug|x86.Build.0 = Debug|Win32
		{BCC13AC3-317A-4A60-B95F-EFA5FD7E44D7}.Release|ARM.ActiveCfg = Release|Win32
		{BCC13AC3-317A-4A60-B95F-EFA5FD7E44D7}.Release|ARM64.ActiveCfg = Release|Win32
		{BCC13AC3-317A-4A60-B95F-EFA5FD7E44D7}.Release|x64.ActiveCfg = Release|x64
		{BCC13AC3-317A-4A60-B95F-EFA5FD7E44D7}.Release|x64.Build.0 = Release|x64
		{BCC13AC3-317A-4A60-B95F-EFA5FD7E44D7}.Release|x86.ActiveCfg = Release|Win32
		{BCC13AC3-317A-4A60-B95F-EFA5FD7E44D7}.Release|x86.Build.0 = Release|Win32
		{7DD1D3D3-64A2-4ED1-8E53-F9A8D509807D}.Debug|ARM.ActiveCfg = Debug|Win32
		{7DD1D3D3-64A2-4ED1-8E53-F9A8D509807D}.Debug|ARM64.ActiveCfg = Debug|Win32
		{7DD1D3D3-64A2-4ED1-8E53-F9A8D509807D}.Debug|x64.ActiveCfg = Debug|x64
		{7DD1D3D3-64A2-4ED1-8E53-F9A8D509807D}.Debug|x64.Build.0 = Debug|x64
		{7DD1D3D3-64A2-4ED1-8E53-F9A8D509807D}.Debug|x86.ActiveCfg = Debug|Win32
		{7DD1D3D3-64A2-4ED1-8E53-F9A8D509807D}.Debug|x86.Build.0 = Debug|Win32
		{7DD1D3D3-64A2-4ED1-8E53-F9A8D509807D}.Release|ARM.ActiveCfg = Release|Win32
		{7DD1D3D3-64A2-4ED1-8E53-F9A8D509807D}.Release|ARM64.ActiveCfg = Release|Win32
		{7DD1D3D3-64A2-4ED1-8E53-F9A8D509807D}.Release|x64.ActiveCfg = Release|x64
		{7DD1D3D3-64A2-4ED1-8E53-F9A8D509807D}.Release|x64.Build.0 = Release|x64
		{7DD1D3D3-64A2-4ED1-8E53-F9A8D509807D}.Release|x86.ActiveCfg = Release|Win32
		{7DD1D3D3-64A2-4ED1-8E53-F9A8D509807D}.Release|x86.Build.0 = Release|Win32
		{0D539435-A672-4871-A3C5-670968A2C3E9}.Debug|ARM.ActiveCfg = Debug|x64
		{0D539435-A672-4871-A3C5-670968A2C3E9}.Debug|ARM.Build.0 = Debug|x64
		{0D539435-A672-4871-A3C5-670968A2C3E9}.Debug|ARM64.ActiveCfg = Debug|x64
		{0D539435-A672-4871-A3C5-670968A2C3E9}.Debug|ARM64.Build.0 = Debug|x64
		{0D539435-A672-4871-A3C5-670968A2C3E9}.Debug|x64.ActiveCfg = Debug|x64
		{0D539435-A672-4871-A3C5-670968A2C3E9}.Debug|x64.Build.0 = Debug|x64
		{0D539435-A672-4871-A3C5-670968A2C3E9}.Debug|x86.ActiveCfg = Debug|Win32
		{0D539435-A672-4871-A3C5-670968A2C3E9}.Debug|x86.Build.0 = Debug|Win32
		{0D539435-A672-4871-A3C5-670968A2C3E9}.Release|ARM.ActiveCfg = Release|x64
		{0D539435-A672-4871-A3C5-670968A2C3E9}.Release|ARM.Build.0 = Release|x64
		{0D539435-A672-4871-A3C5-670968A2C3E9}.Release|ARM64.ActiveCfg = Release|x64
		{0D539435-A672-4871-A3C5-670968A2C3E9}.Release|ARM64.Build.0 = Release|x64
		{0D539435-A672-4871-A3C5-670968A2C3E9}.Release|x64.ActiveCfg = Release|x64
		{0D539435-A672-4871-A3C5-670968A2C3E9}.Release|x64.Build.0 = Release|x64
		{0D539435-A672-4871-A3C5-670968A2C3E9}.Release|x86.ActiveCfg = Release|Win32
		{0D539435-A672-4871-A3C5-670968A2C3E9}.Release|x86.Build.0 = Release|Win32
	EndGlobalSection
	GlobalSection(SolutionProperties) = preSolution
		HideSolutionNode = FALSE
	EndGlobalSection
	GlobalSection(ExtensibilityGlobals) = postSolution
		SolutionGuid = {12A5DAFA-741D-4E0B-8D4E-16F04594A69D}
	EndGlobalSection
EndGlobal
